
Microsoft Visual Studio Solution File, Format Version 12.00
Project("{FAE04EC0-301F-11D3-BF4B-00C04F79EFBC}") = "APBD", "APBD\APBD.csproj", "{5747D7DC-F02F-4DDA-9A04-9F1C0C5E1DF2}"
EndProject
Project("{FAE04EC0-301F-11D3-BF4B-00C04F79EFBC}") = "Lesson1", "Lesson1\Lesson1.csproj", "{B2634F6E-103A-4D2E-9AC2-5CB5412F622F}"
EndProject
Project("{FAE04EC0-301F-11D3-BF4B-00C04F79EFBC}") = "Task1", "Task1\Task1.csproj", "{04AAE165-CF41-4CC2-890B-19F2EF97EA03}"
EndProject
Project("{FAE04EC0-301F-11D3-BF4B-00C04F79EFBC}") = "Task2", "Task2\Task2.csproj", "{360157EB-E224-4279-ABA1-5D3B8229A3B5}"
EndProject
Project("{FAE04EC0-301F-11D3-BF4B-00C04F79EFBC}") = "Task3", "Task3\Task3.csproj", "{75AA0DC8-F6A7-4B09-A3CE-37EEDEF7EE52}"
EndProject
Project("{FAE04EC0-301F-11D3-BF4B-00C04F79EFBC}") = "Task4", "Task4\Task4.csproj", "{7271B18E-FB08-48E2-AE3F-2441482355B5}"
EndProject
Global
	GlobalSection(SolutionConfigurationPlatforms) = preSolution
		Debug|Any CPU = Debug|Any CPU
		Release|Any CPU = Release|Any CPU
	EndGlobalSection
	GlobalSection(ProjectConfigurationPlatforms) = postSolution
		{5747D7DC-F02F-4DDA-9A04-9F1C0C5E1DF2}.Debug|Any CPU.ActiveCfg = Debug|Any CPU
		{5747D7DC-F02F-4DDA-9A04-9F1C0C5E1DF2}.Debug|Any CPU.Build.0 = Debug|Any CPU
		{5747D7DC-F02F-4DDA-9A04-9F1C0C5E1DF2}.Release|Any CPU.ActiveCfg = Release|Any CPU
		{5747D7DC-F02F-4DDA-9A04-9F1C0C5E1DF2}.Release|Any CPU.Build.0 = Release|Any CPU
		{B2634F6E-103A-4D2E-9AC2-5CB5412F622F}.Debug|Any CPU.ActiveCfg = Debug|Any CPU
		{B2634F6E-103A-4D2E-9AC2-5CB5412F622F}.Debug|Any CPU.Build.0 = Debug|Any CPU
		{B2634F6E-103A-4D2E-9AC2-5CB5412F622F}.Release|Any CPU.ActiveCfg = Release|Any CPU
		{B2634F6E-103A-4D2E-9AC2-5CB5412F622F}.Release|Any CPU.Build.0 = Release|Any CPU
		{04AAE165-CF41-4CC2-890B-19F2EF97EA03}.Debug|Any CPU.ActiveCfg = Debug|Any CPU
		{04AAE165-CF41-4CC2-890B-19F2EF97EA03}.Debug|Any CPU.Build.0 = Debug|Any CPU
		{04AAE165-CF41-4CC2-890B-19F2EF97EA03}.Release|Any CPU.ActiveCfg = Release|Any CPU
		{04AAE165-CF41-4CC2-890B-19F2EF97EA03}.Release|Any CPU.Build.0 = Release|Any CPU
		{360157EB-E224-4279-ABA1-5D3B8229A3B5}.Debug|Any CPU.ActiveCfg = Debug|Any CPU
		{360157EB-E224-4279-ABA1-5D3B8229A3B5}.Debug|Any CPU.Build.0 = Debug|Any CPU
		{360157EB-E224-4279-ABA1-5D3B8229A3B5}.Release|Any CPU.ActiveCfg = Release|Any CPU
		{360157EB-E224-4279-ABA1-5D3B8229A3B5}.Release|Any CPU.Build.0 = Release|Any CPU
		{75AA0DC8-F6A7-4B09-A3CE-37EEDEF7EE52}.Debug|Any CPU.ActiveCfg = Debug|Any CPU
		{75AA0DC8-F6A7-4B09-A3CE-37EEDEF7EE52}.Debug|Any CPU.Build.0 = Debug|Any CPU
		{75AA0DC8-F6A7-4B09-A3CE-37EEDEF7EE52}.Release|Any CPU.ActiveCfg = Release|Any CPU
		{75AA0DC8-F6A7-4B09-A3CE-37EEDEF7EE52}.Release|Any CPU.Build.0 = Release|Any CPU
		{7271B18E-FB08-48E2-AE3F-2441482355B5}.Debug|Any CPU.ActiveCfg = Debug|Any CPU
		{7271B18E-FB08-48E2-AE3F-2441482355B5}.Debug|Any CPU.Build.0 = Debug|Any CPU
		{7271B18E-FB08-48E2-AE3F-2441482355B5}.Release|Any CPU.ActiveCfg = Release|Any CPU
		{7271B18E-FB08-48E2-AE3F-2441482355B5}.Release|Any CPU.Build.0 = Release|Any CPU
	EndGlobalSection
EndGlobal
