
Microsoft Visual Studio Solution File, Format Version 12.00
Project("{FAE04EC0-301F-11D3-BF4B-00C04F79EFBC}") = "APBD", "APBD\APBD.csproj", "{5747D7DC-F02F-4DDA-9A04-9F1C0C5E1DF2}"
EndProject
Project("{FAE04EC0-301F-11D3-BF4B-00C04F79EFBC}") = "Lesson1", "Lesson1\Lesson1.csproj", "{B2634F6E-103A-4D2E-9AC2-5CB5412F622F}"
EndProject
Project("{FAE04EC0-301F-11D3-BF4B-00C04F79EFBC}") = "Tast1", "Tast1\Tast1.csproj", "{B988546D-D1B4-49F3-830D-10BA5576FF74}"
EndProject
Global
	GlobalSection(SolutionConfigurationPlatforms) = preSolution
		Debug|Any CPU = Debug|Any CPU
		Release|Any CPU = Release|Any CPU
	EndGlobalSection
	GlobalSection(ProjectConfigurationPlatforms) = postSolution
		{5747D7DC-F02F-4DDA-9A04-9F1C0C5E1DF2}.Debug|Any CPU.ActiveCfg = Debug|Any CPU
		{5747D7DC-F02F-4DDA-9A04-9F1C0C5E1DF2}.Debug|Any CPU.Build.0 = Debug|Any CPU
		{5747D7DC-F02F-4DDA-9A04-9F1C0C5E1DF2}.Release|Any CPU.ActiveCfg = Release|Any CPU
		{5747D7DC-F02F-4DDA-9A04-9F1C0C5E1DF2}.Release|Any CPU.Build.0 = Release|Any CPU
		{B2634F6E-103A-4D2E-9AC2-5CB5412F622F}.Debug|Any CPU.ActiveCfg = Debug|Any CPU
		{B2634F6E-103A-4D2E-9AC2-5CB5412F622F}.Debug|Any CPU.Build.0 = Debug|Any CPU
		{B2634F6E-103A-4D2E-9AC2-5CB5412F622F}.Release|Any CPU.ActiveCfg = Release|Any CPU
		{B2634F6E-103A-4D2E-9AC2-5CB5412F622F}.Release|Any CPU.Build.0 = Release|Any CPU
		{B988546D-D1B4-49F3-830D-10BA5576FF74}.Debug|Any CPU.ActiveCfg = Debug|Any CPU
		{B988546D-D1B4-49F3-830D-10BA5576FF74}.Debug|Any CPU.Build.0 = Debug|Any CPU
		{B988546D-D1B4-49F3-830D-10BA5576FF74}.Release|Any CPU.ActiveCfg = Release|Any CPU
		{B988546D-D1B4-49F3-830D-10BA5576FF74}.Release|Any CPU.Build.0 = Release|Any CPU
	EndGlobalSection
EndGlobal
